
Microsoft Visual Studio Solution File, Format Version 12.00
# Visual Studio 15
VisualStudioVersion = 15.0.27703.2042
MinimumVisualStudioVersion = 10.0.40219.1
Project("{FAE04EC0-301F-11D3-BF4B-00C04F79EFBC}") = "RailwayApp", "RailwayApp\RailwayApp.csproj", "{DC865908-9602-435C-8B7D-E767569A3BDB}"
EndProject
Project("{FAE04EC0-301F-11D3-BF4B-00C04F79EFBC}") = "RailwayApp.Model", "RailwayApp.Model\RailwayApp.Model.csproj", "{99FAFB13-C50A-46FF-88FF-1B1EE7F9A1D8}"
EndProject
Project("{FAE04EC0-301F-11D3-BF4B-00C04F79EFBC}") = "RailwayApp.Model.Abstract", "RailwayApp.Model.Abstract\RailwayApp.Model.Abstract.csproj", "{8C3DA08D-7A8B-4988-BFA7-A60D449BFC74}"
EndProject
Project("{FAE04EC0-301F-11D3-BF4B-00C04F79EFBC}") = "Railway.Service", "Railway.Service\Railway.Service.csproj", "{11E01075-2E6B-4B03-A133-C7BD3C68ABA2}"
EndProject
Global
	GlobalSection(SolutionConfigurationPlatforms) = preSolution
		Debug|Any CPU = Debug|Any CPU
		Release|Any CPU = Release|Any CPU
	EndGlobalSection
	GlobalSection(ProjectConfigurationPlatforms) = postSolution
		{DC865908-9602-435C-8B7D-E767569A3BDB}.Debug|Any CPU.ActiveCfg = Debug|Any CPU
		{DC865908-9602-435C-8B7D-E767569A3BDB}.Debug|Any CPU.Build.0 = Debug|Any CPU
		{DC865908-9602-435C-8B7D-E767569A3BDB}.Release|Any CPU.ActiveCfg = Release|Any CPU
		{DC865908-9602-435C-8B7D-E767569A3BDB}.Release|Any CPU.Build.0 = Release|Any CPU
		{99FAFB13-C50A-46FF-88FF-1B1EE7F9A1D8}.Debug|Any CPU.ActiveCfg = Debug|Any CPU
		{99FAFB13-C50A-46FF-88FF-1B1EE7F9A1D8}.Debug|Any CPU.Build.0 = Debug|Any CPU
		{99FAFB13-C50A-46FF-88FF-1B1EE7F9A1D8}.Release|Any CPU.ActiveCfg = Release|Any CPU
		{99FAFB13-C50A-46FF-88FF-1B1EE7F9A1D8}.Release|Any CPU.Build.0 = Release|Any CPU
		{8C3DA08D-7A8B-4988-BFA7-A60D449BFC74}.Debug|Any CPU.ActiveCfg = Debug|Any CPU
		{8C3DA08D-7A8B-4988-BFA7-A60D449BFC74}.Debug|Any CPU.Build.0 = Debug|Any CPU
		{8C3DA08D-7A8B-4988-BFA7-A60D449BFC74}.Release|Any CPU.ActiveCfg = Release|Any CPU
		{8C3DA08D-7A8B-4988-BFA7-A60D449BFC74}.Release|Any CPU.Build.0 = Release|Any CPU
		{11E01075-2E6B-4B03-A133-C7BD3C68ABA2}.Debug|Any CPU.ActiveCfg = Debug|Any CPU
		{11E01075-2E6B-4B03-A133-C7BD3C68ABA2}.Debug|Any CPU.Build.0 = Debug|Any CPU
		{11E01075-2E6B-4B03-A133-C7BD3C68ABA2}.Release|Any CPU.ActiveCfg = Release|Any CPU
		{11E01075-2E6B-4B03-A133-C7BD3C68ABA2}.Release|Any CPU.Build.0 = Release|Any CPU
	EndGlobalSection
	GlobalSection(SolutionProperties) = preSolution
		HideSolutionNode = FALSE
	EndGlobalSection
	GlobalSection(ExtensibilityGlobals) = postSolution
		SolutionGuid = {97F3A1A5-0EA1-424C-AF01-6467FCA97044}
	EndGlobalSection
EndGlobal
